
Microsoft Visual Studio Solution File, Format Version 12.00
# Visual Studio Version 17
VisualStudioVersion = 17.4.33122.133
MinimumVisualStudioVersion = 10.0.40219.1
Project("{FAE04EC0-301F-11D3-BF4B-00C04F79EFBC}") = "WebApp_MVC", "WebApp_MVC\WebApp_MVC.csproj", "{D6A63E41-60A6-4E22-95CA-3E4774649160}"
EndProject
Project("{FAE04EC0-301F-11D3-BF4B-00C04F79EFBC}") = "WebApp_WebForm", "WebApp_WebForm\WebApp_WebForm.csproj", "{50585AE1-47CA-4E68-8110-9D5A2A1FBDC1}"
EndProject
Global
	GlobalSection(SolutionConfigurationPlatforms) = preSolution
		Debug|Any CPU = Debug|Any CPU
		Release|Any CPU = Release|Any CPU
	EndGlobalSection
	GlobalSection(ProjectConfigurationPlatforms) = postSolution
		{D6A63E41-60A6-4E22-95CA-3E4774649160}.Debug|Any CPU.ActiveCfg = Debug|Any CPU
		{D6A63E41-60A6-4E22-95CA-3E4774649160}.Debug|Any CPU.Build.0 = Debug|Any CPU
		{D6A63E41-60A6-4E22-95CA-3E4774649160}.Release|Any CPU.ActiveCfg = Release|Any CPU
		{D6A63E41-60A6-4E22-95CA-3E4774649160}.Release|Any CPU.Build.0 = Release|Any CPU
		{50585AE1-47CA-4E68-8110-9D5A2A1FBDC1}.Debug|Any CPU.ActiveCfg = Debug|Any CPU
		{50585AE1-47CA-4E68-8110-9D5A2A1FBDC1}.Debug|Any CPU.Build.0 = Debug|Any CPU
		{50585AE1-47CA-4E68-8110-9D5A2A1FBDC1}.Release|Any CPU.ActiveCfg = Release|Any CPU
		{50585AE1-47CA-4E68-8110-9D5A2A1FBDC1}.Release|Any CPU.Build.0 = Release|Any CPU
	EndGlobalSection
	GlobalSection(SolutionProperties) = preSolution
		HideSolutionNode = FALSE
	EndGlobalSection
	GlobalSection(ExtensibilityGlobals) = postSolution
		SolutionGuid = {EC1BC052-CBD7-414E-A2BC-523A2C6825CF}
	EndGlobalSection
EndGlobal
